PODS:
  - MMSCameraViewController (1.4.0)
  - SwiftLint (0.27.0)

DEPENDENCIES:
  - MMSCameraViewController (from `../`)
  - SwiftLint

SPEC REPOS:
  https://github.com/CocoaPods/Specs.git:
    - SwiftLint

EXTERNAL SOURCES:
  MMSCameraViewController:
    :path: "../"

SPEC CHECKSUMS:
  MMSCameraViewController: d891adb1ec7497c6ed42bfc7220bdbe58051c2b1
  SwiftLint: 3207c1faa2240bf8973b191820a116113cd11073

PODFILE CHECKSUM: ac83409aba37d426f49e86da797fd8d2589b475b

COCOAPODS: 1.9.3
